
Microsoft Visual Studio Solution File, Format Version 12.00
# Visual Studio Version 17
VisualStudioVersion = 17.3.32922.545
MinimumVisualStudioVersion = 10.0.40219.1
Project("{9A19103F-16F7-4668-BE54-9A1E7A4F7556}") = "BookStore", "BookStore.csproj", "{0656F3B0-AEE5-44D5-885F-CDFF948FF17C}"
EndProject
Project("{9A19103F-16F7-4668-BE54-9A1E7A4F7556}") = "BookStore.BL", "BookStore.BL\BookStore.BL.csproj", "{B280093F-C343-400D-BFB3-3E99349AA6E0}"
EndProject
Project("{9A19103F-16F7-4668-BE54-9A1E7A4F7556}") = "BookStore.DL", "BookStore.DL\BookStore.DL.csproj", "{7DDF910D-2BB4-41D6-B003-27A999A38E14}"
EndProject
Project("{9A19103F-16F7-4668-BE54-9A1E7A4F7556}") = "BookStore.Models", "BookStore.Models\BookStore.Models.csproj", "{AEB25046-4E32-48C7-B892-37029728CD64}"
EndProject
Global
	GlobalSection(SolutionConfigurationPlatforms) = preSolution
		Debug|Any CPU = Debug|Any CPU
		Release|Any CPU = Release|Any CPU
	EndGlobalSection
	GlobalSection(ProjectConfigurationPlatforms) = postSolution
		{0656F3B0-AEE5-44D5-885F-CDFF948FF17C}.Debug|Any CPU.ActiveCfg = Debug|Any CPU
		{0656F3B0-AEE5-44D5-885F-CDFF948FF17C}.Debug|Any CPU.Build.0 = Debug|Any CPU
		{0656F3B0-AEE5-44D5-885F-CDFF948FF17C}.Release|Any CPU.ActiveCfg = Release|Any CPU
		{0656F3B0-AEE5-44D5-885F-CDFF948FF17C}.Release|Any CPU.Build.0 = Release|Any CPU
		{B280093F-C343-400D-BFB3-3E99349AA6E0}.Debug|Any CPU.ActiveCfg = Debug|Any CPU
		{B280093F-C343-400D-BFB3-3E99349AA6E0}.Debug|Any CPU.Build.0 = Debug|Any CPU
		{B280093F-C343-400D-BFB3-3E99349AA6E0}.Release|Any CPU.ActiveCfg = Release|Any CPU
		{B280093F-C343-400D-BFB3-3E99349AA6E0}.Release|Any CPU.Build.0 = Release|Any CPU
		{7DDF910D-2BB4-41D6-B003-27A999A38E14}.Debug|Any CPU.ActiveCfg = Debug|Any CPU
		{7DDF910D-2BB4-41D6-B003-27A999A38E14}.Debug|Any CPU.Build.0 = Debug|Any CPU
		{7DDF910D-2BB4-41D6-B003-27A999A38E14}.Release|Any CPU.ActiveCfg = Release|Any CPU
		{7DDF910D-2BB4-41D6-B003-27A999A38E14}.Release|Any CPU.Build.0 = Release|Any CPU
		{AEB25046-4E32-48C7-B892-37029728CD64}.Debug|Any CPU.ActiveCfg = Debug|Any CPU
		{AEB25046-4E32-48C7-B892-37029728CD64}.Debug|Any CPU.Build.0 = Debug|Any CPU
		{AEB25046-4E32-48C7-B892-37029728CD64}.Release|Any CPU.ActiveCfg = Release|Any CPU
		{AEB25046-4E32-48C7-B892-37029728CD64}.Release|Any CPU.Build.0 = Release|Any CPU
	EndGlobalSection
	GlobalSection(SolutionProperties) = preSolution
		HideSolutionNode = FALSE
	EndGlobalSection
	GlobalSection(ExtensibilityGlobals) = postSolution
		SolutionGuid = {59D8047A-5676-473A-A999-58B226FFB71A}
	EndGlobalSection
EndGlobal
